
Microsoft Visual Studio Solution File, Format Version 12.00
# Visual Studio 15
VisualStudioVersion = 15.0.28307.757
MinimumVisualStudioVersion = 10.0.40219.1
Project("{9A19103F-16F7-4668-BE54-9A1E7A4F7556}") = "States.Core", "States.Core\States.Core.csproj", "{DF4BC016-77FE-4D61-B85E-CA528FAE5A68}"
EndProject
Project("{9A19103F-16F7-4668-BE54-9A1E7A4F7556}") = "States.Core.NUnitTest", "States.Core.NUnitTest\States.Core.NUnitTest.csproj", "{EFA20DAA-45F2-4C62-B678-5F057A3FDD3E}"
EndProject
Project("{9A19103F-16F7-4668-BE54-9A1E7A4F7556}") = "States.Core.Console", "States.Core.Console\States.Core.Console.csproj", "{453F2B00-54F5-4867-99D6-E2CAD412C4E1}"
EndProject
Project("{FAE04EC0-301F-11D3-BF4B-00C04F79EFBC}") = "States.Core.Commands", "States.Core.Commands\States.Core.Commands.csproj", "{4D46463F-6617-400A-9D0B-B10A80239AD8}"
EndProject
Global
	GlobalSection(SolutionConfigurationPlatforms) = preSolution
		Debug|Any CPU = Debug|Any CPU
		Release|Any CPU = Release|Any CPU
	EndGlobalSection
	GlobalSection(ProjectConfigurationPlatforms) = postSolution
		{DF4BC016-77FE-4D61-B85E-CA528FAE5A68}.Debug|Any CPU.ActiveCfg = Debug|Any CPU
		{DF4BC016-77FE-4D61-B85E-CA528FAE5A68}.Debug|Any CPU.Build.0 = Debug|Any CPU
		{DF4BC016-77FE-4D61-B85E-CA528FAE5A68}.Release|Any CPU.ActiveCfg = Release|Any CPU
		{DF4BC016-77FE-4D61-B85E-CA528FAE5A68}.Release|Any CPU.Build.0 = Release|Any CPU
		{EFA20DAA-45F2-4C62-B678-5F057A3FDD3E}.Debug|Any CPU.ActiveCfg = Debug|Any CPU
		{EFA20DAA-45F2-4C62-B678-5F057A3FDD3E}.Debug|Any CPU.Build.0 = Debug|Any CPU
		{EFA20DAA-45F2-4C62-B678-5F057A3FDD3E}.Release|Any CPU.ActiveCfg = Release|Any CPU
		{EFA20DAA-45F2-4C62-B678-5F057A3FDD3E}.Release|Any CPU.Build.0 = Release|Any CPU
		{453F2B00-54F5-4867-99D6-E2CAD412C4E1}.Debug|Any CPU.ActiveCfg = Debug|Any CPU
		{453F2B00-54F5-4867-99D6-E2CAD412C4E1}.Debug|Any CPU.Build.0 = Debug|Any CPU
		{453F2B00-54F5-4867-99D6-E2CAD412C4E1}.Release|Any CPU.ActiveCfg = Release|Any CPU
		{453F2B00-54F5-4867-99D6-E2CAD412C4E1}.Release|Any CPU.Build.0 = Release|Any CPU
		{4D46463F-6617-400A-9D0B-B10A80239AD8}.Debug|Any CPU.ActiveCfg = Debug|Any CPU
		{4D46463F-6617-400A-9D0B-B10A80239AD8}.Debug|Any CPU.Build.0 = Debug|Any CPU
		{4D46463F-6617-400A-9D0B-B10A80239AD8}.Release|Any CPU.ActiveCfg = Release|Any CPU
		{4D46463F-6617-400A-9D0B-B10A80239AD8}.Release|Any CPU.Build.0 = Release|Any CPU
	EndGlobalSection
	GlobalSection(SolutionProperties) = preSolution
		HideSolutionNode = FALSE
	EndGlobalSection
	GlobalSection(ExtensibilityGlobals) = postSolution
		SolutionGuid = {C536C87C-9487-472E-B5C0-DBD7FBE150C5}
	EndGlobalSection
EndGlobal
